
Microsoft Visual Studio Solution File, Format Version 12.00
# Visual Studio Version 17
VisualStudioVersion = 17.14.36603.0 d17.14
MinimumVisualStudioVersion = 10.0.40219.1
Project("{FAE04EC0-301F-11D3-BF4B-00C04F79EFBC}") = "PrototypePattern.Domain", "PrototypePattern.Domain\PrototypePattern.Domain.csproj", "{895EBFFF-399E-402E-8689-15EA5465B7A3}"
EndProject
Project("{FAE04EC0-301F-11D3-BF4B-00C04F79EFBC}") = "PrototypePattern.Application", "PrototypePattern.Application\PrototypePattern.Application.csproj", "{050A4F5B-0DD1-423B-A825-EBCBC49B37FF}"
EndProject
Project("{FAE04EC0-301F-11D3-BF4B-00C04F79EFBC}") = "PrototypePattern.Tests", "PrototypePattern.Tests\PrototypePattern.Tests.csproj", "{77EF6589-5A0D-4833-B791-2DFB567C63C3}"
EndProject
Global
	GlobalSection(SolutionConfigurationPlatforms) = preSolution
		Debug|Any CPU = Debug|Any CPU
		Release|Any CPU = Release|Any CPU
	EndGlobalSection
	GlobalSection(ProjectConfigurationPlatforms) = postSolution
		{895EBFFF-399E-402E-8689-15EA5465B7A3}.Debug|Any CPU.ActiveCfg = Debug|Any CPU
		{895EBFFF-399E-402E-8689-15EA5465B7A3}.Debug|Any CPU.Build.0 = Debug|Any CPU
		{895EBFFF-399E-402E-8689-15EA5465B7A3}.Release|Any CPU.ActiveCfg = Release|Any CPU
		{895EBFFF-399E-402E-8689-15EA5465B7A3}.Release|Any CPU.Build.0 = Release|Any CPU
		{050A4F5B-0DD1-423B-A825-EBCBC49B37FF}.Debug|Any CPU.ActiveCfg = Debug|Any CPU
		{050A4F5B-0DD1-423B-A825-EBCBC49B37FF}.Debug|Any CPU.Build.0 = Debug|Any CPU
		{050A4F5B-0DD1-423B-A825-EBCBC49B37FF}.Release|Any CPU.ActiveCfg = Release|Any CPU
		{050A4F5B-0DD1-423B-A825-EBCBC49B37FF}.Release|Any CPU.Build.0 = Release|Any CPU
		{77EF6589-5A0D-4833-B791-2DFB567C63C3}.Debug|Any CPU.ActiveCfg = Debug|Any CPU
		{77EF6589-5A0D-4833-B791-2DFB567C63C3}.Debug|Any CPU.Build.0 = Debug|Any CPU
		{77EF6589-5A0D-4833-B791-2DFB567C63C3}.Release|Any CPU.ActiveCfg = Release|Any CPU
		{77EF6589-5A0D-4833-B791-2DFB567C63C3}.Release|Any CPU.Build.0 = Release|Any CPU
	EndGlobalSection
	GlobalSection(SolutionProperties) = preSolution
		HideSolutionNode = FALSE
	EndGlobalSection
	GlobalSection(ExtensibilityGlobals) = postSolution
		SolutionGuid = {795CCF3D-81E4-4E43-ADA3-7B65AA98C0E0}
	EndGlobalSection
EndGlobal
